
Microsoft Visual Studio Solution File, Format Version 12.00
# Visual Studio 15
VisualStudioVersion = 15.0.27703.2026
MinimumVisualStudioVersion = 10.0.40219.1
Project("{FAE04EC0-301F-11D3-BF4B-00C04F79EFBC}") = "OOPsReview", "OOPsReview\OOPsReview.csproj", "{9AA9FEAE-A4D2-4B07-A57D-ED468B342F96}"
EndProject
Global
	GlobalSection(SolutionConfigurationPlatforms) = preSolution
		Debug|Any CPU = Debug|Any CPU
		Release|Any CPU = Release|Any CPU
	EndGlobalSection
	GlobalSection(ProjectConfigurationPlatforms) = postSolution
		{9AA9FEAE-A4D2-4B07-A57D-ED468B342F96}.Debug|Any CPU.ActiveCfg = Debug|Any CPU
		{9AA9FEAE-A4D2-4B07-A57D-ED468B342F96}.Debug|Any CPU.Build.0 = Debug|Any CPU
		{9AA9FEAE-A4D2-4B07-A57D-ED468B342F96}.Release|Any CPU.ActiveCfg = Release|Any CPU
		{9AA9FEAE-A4D2-4B07-A57D-ED468B342F96}.Release|Any CPU.Build.0 = Release|Any CPU
	EndGlobalSection
	GlobalSection(SolutionProperties) = preSolution
		HideSolutionNode = FALSE
	EndGlobalSection
	GlobalSection(ExtensibilityGlobals) = postSolution
		SolutionGuid = {E8DEB7F3-3038-4498-9B7C-DF88CA061E08}
	EndGlobalSection
EndGlobal
